
Microsoft Visual Studio Solution File, Format Version 12.00
# Visual Studio Version 16
VisualStudioVersion = 16.0.31729.503
MinimumVisualStudioVersion = 10.0.40219.1
Project("{9A19103F-16F7-4668-BE54-9A1E7A4F7556}") = "pShopSolution.WebApp", "pShopSolution.WebApp\pShopSolution.WebApp.csproj", "{44C23A3F-37C6-45C0-9907-6D529DE597BA}"
EndProject
Project("{2150E333-8FDC-42A3-9474-1A3956D46DE8}") = "Solution Items", "Solution Items", "{E30205DC-045F-4EDC-92A2-30C334A6C784}"
	ProjectSection(SolutionItems) = preProject
		README.md = README.md
	EndProjectSection
EndProject
Project("{FAE04EC0-301F-11D3-BF4B-00C04F79EFBC}") = "pShopSolution.Data", "pShopSolution.Data\pShopSolution.Data.csproj", "{F4F56896-3924-4931-B4B8-85D4C85499D0}"
EndProject
Project("{FAE04EC0-301F-11D3-BF4B-00C04F79EFBC}") = "pShopSolution.Business", "pShopSolution.Business\pShopSolution.Business.csproj", "{36B09125-15F3-4100-A78B-25C1D497B221}"
EndProject
Global
	GlobalSection(SolutionConfigurationPlatforms) = preSolution
		Debug|Any CPU = Debug|Any CPU
		Release|Any CPU = Release|Any CPU
	EndGlobalSection
	GlobalSection(ProjectConfigurationPlatforms) = postSolution
		{44C23A3F-37C6-45C0-9907-6D529DE597BA}.Debug|Any CPU.ActiveCfg = Debug|Any CPU
		{44C23A3F-37C6-45C0-9907-6D529DE597BA}.Debug|Any CPU.Build.0 = Debug|Any CPU
		{44C23A3F-37C6-45C0-9907-6D529DE597BA}.Release|Any CPU.ActiveCfg = Release|Any CPU
		{44C23A3F-37C6-45C0-9907-6D529DE597BA}.Release|Any CPU.Build.0 = Release|Any CPU
		{F4F56896-3924-4931-B4B8-85D4C85499D0}.Debug|Any CPU.ActiveCfg = Debug|Any CPU
		{F4F56896-3924-4931-B4B8-85D4C85499D0}.Debug|Any CPU.Build.0 = Debug|Any CPU
		{F4F56896-3924-4931-B4B8-85D4C85499D0}.Release|Any CPU.ActiveCfg = Release|Any CPU
		{F4F56896-3924-4931-B4B8-85D4C85499D0}.Release|Any CPU.Build.0 = Release|Any CPU
		{36B09125-15F3-4100-A78B-25C1D497B221}.Debug|Any CPU.ActiveCfg = Debug|Any CPU
		{36B09125-15F3-4100-A78B-25C1D497B221}.Debug|Any CPU.Build.0 = Debug|Any CPU
		{36B09125-15F3-4100-A78B-25C1D497B221}.Release|Any CPU.ActiveCfg = Release|Any CPU
		{36B09125-15F3-4100-A78B-25C1D497B221}.Release|Any CPU.Build.0 = Release|Any CPU
	EndGlobalSection
	GlobalSection(SolutionProperties) = preSolution
		HideSolutionNode = FALSE
	EndGlobalSection
	GlobalSection(ExtensibilityGlobals) = postSolution
		SolutionGuid = {73CE36B7-3166-4794-98AA-1AC03C3828FE}
	EndGlobalSection
EndGlobal
